// !$*UTF8*$!
{
	archiveVersion = 1;
	classes = {
	};
	objectVersion = 55;
	objects = {

/* Begin PBXBuildFile section */
		DB0A371928AE1FB400C7D191 /* AppDelegate.swift in Sources */ = {isa = PBXBuildFile; fileRef = DB0A371828AE1FB400C7D191 /* AppDelegate.swift */; };
		DB0A371B28AE1FB400C7D191 /* SceneDelegate.swift in Sources */ = {isa = PBXBuildFile; fileRef = DB0A371A28AE1FB400C7D191 /* SceneDelegate.swift */; };
		DB0A371D28AE1FB400C7D191 /* ViewController.swift in Sources */ = {isa = PBXBuildFile; fileRef = DB0A371C28AE1FB400C7D191 /* ViewController.swift */; };
		DB0A372028AE1FB400C7D191 /* Main.storyboard in Resources */ = {isa = PBXBuildFile; fileRef = DB0A371E28AE1FB400C7D191 /* Main.storyboard */; };
		DB0A372228AE1FB700C7D191 /* Assets.xcassets in Resources */ = {isa = PBXBuildFile; fileRef = DB0A372128AE1FB700C7D191 /* Assets.xcassets */; };
		DB0A372528AE1FB700C7D191 /* LaunchScreen.storyboard in Resources */ = {isa = PBXBuildFile; fileRef = DB0A372328AE1FB700C7D191 /* LaunchScreen.storyboard */; };
		DB0A373028AE1FB700C7D191 /* OnBoardingViewAppTests.swift in Sources */ = {isa = PBXBuildFile; fileRef = DB0A372F28AE1FB700C7D191 /* OnBoardingViewAppTests.swift */; };
		DB0A373A28AE1FB700C7D191 /* OnBoardingViewAppUITests.swift in Sources */ = {isa = PBXBuildFile; fileRef = DB0A373928AE1FB700C7D191 /* OnBoardingViewAppUITests.swift */; };
		DB0A373C28AE1FB700C7D191 /* OnBoardingViewAppUITestsLaunchTests.swift in Sources */ = {isa = PBXBuildFile; fileRef = DB0A373B28AE1FB700C7D191 /* OnBoardingViewAppUITestsLaunchTests.swift */; };
		DB0A374A28AE20A600C7D191 /* OnBoardingItemViewController.swift in Sources */ = {isa = PBXBuildFile; fileRef = DB0A374828AE20A600C7D191 /* OnBoardingItemViewController.swift */; };
		DB0A374B28AE20A600C7D191 /* OnBoardingItemViewController.xib in Resources */ = {isa = PBXBuildFile; fileRef = DB0A374928AE20A600C7D191 /* OnBoardingItemViewController.xib */; };
		DB0A374D28AE2B8900C7D191 /* OnBoardingPageViewController.swift in Sources */ = {isa = PBXBuildFile; fileRef = DB0A374C28AE2B8900C7D191 /* OnBoardingPageViewController.swift */; };
/* End PBXBuildFile section */

/* Begin PBXContainerItemProxy section */
		DB0A372C28AE1FB700C7D191 /* PBXContainerItemProxy */ = {
			isa = PBXContainerItemProxy;
			containerPortal = DB0A370D28AE1FB400C7D191 /* Project object */;
			proxyType = 1;
			remoteGlobalIDString = DB0A371428AE1FB400C7D191;
			remoteInfo = OnBoardingViewApp;
		};
		DB0A373628AE1FB700C7D191 /* PBXContainerItemProxy */ = {
			isa = PBXContainerItemProxy;
			containerPortal = DB0A370D28AE1FB400C7D191 /* Project object */;
			proxyType = 1;
			remoteGlobalIDString = DB0A371428AE1FB400C7D191;
			remoteInfo = OnBoardingViewApp;
		};
/* End PBXContainerItemProxy section */

/* Begin PBXFileReference section */
		DB0A371528AE1FB400C7D191 /* OnBoardingViewApp.app */ = {isa = PBXFileReference; explicitFileType = wrapper.application; includeInIndex = 0; path = OnBoardingViewApp.app; sourceTree = BUILT_PRODUCTS_DIR; };
		DB0A371828AE1FB400C7D191 /* AppDelegate.swift */ = {isa = PBXFileReference; lastKnownFileType = sourcecode.swift; path = AppDelegate.swift; sourceTree = "<group>"; };
		DB0A371A28AE1FB400C7D191 /* SceneDelegate.swift */ = {isa = PBXFileReference; lastKnownFileType = sourcecode.swift; path = SceneDelegate.swift; sourceTree = "<group>"; };
		DB0A371C28AE1FB400C7D191 /* ViewController.swift */ = {isa = PBXFileReference; lastKnownFileType = sourcecode.swift; path = ViewController.swift; sourceTree = "<group>"; };
		DB0A371F28AE1FB400C7D191 /* Base */ = {isa = PBXFileReference; lastKnownFileType = file.storyboard; name = Base; path = Base.lproj/Main.storyboard; sourceTree = "<group>"; };
		DB0A372128AE1FB700C7D191 /* Assets.xcassets */ = {isa = PBXFileReference; lastKnownFileType = folder.assetcatalog; path = Assets.xcassets; sourceTree = "<group>"; };
		DB0A372428AE1FB700C7D191 /* Base */ = {isa = PBXFileReference; lastKnownFileType = file.storyboard; name = Base; path = Base.lproj/LaunchScreen.storyboard; sourceTree = "<group>"; };
		DB0A372628AE1FB700C7D191 /* Info.plist */ = {isa = PBXFileReference; lastKnownFileType = text.plist.xml; path = Info.plist; sourceTree = "<group>"; };
		DB0A372B28AE1FB700C7D191 /* OnBoardingViewAppTests.xctest */ = {isa = PBXFileReference; explicitFileType = wrapper.cfbundle; includeInIndex = 0; path = OnBoardingViewAppTests.xctest; sourceTree = BUILT_PRODUCTS_DIR; };
		DB0A372F28AE1FB700C7D191 /* OnBoardingViewAppTests.swift */ = {isa = PBXFileReference; lastKnownFileType = sourcecode.swift; path = OnBoardingViewAppTests.swift; sourceTree = "<group>"; };
		DB0A373528AE1FB700C7D191 /* OnBoardingViewAppUITests.xctest */ = {isa = PBXFileReference; explicitFileType = wrapper.cfbundle; includeInIndex = 0; path = OnBoardingViewAppUITests.xctest; sourceTree = BUILT_PRODUCTS_DIR; };
		DB0A373928AE1FB700C7D191 /* OnBoardingViewAppUITests.swift */ = {isa = PBXFileReference; lastKnownFileType = sourcecode.swift; path = OnBoardingViewAppUITests.swift; sourceTree = "<group>"; };
		DB0A373B28AE1FB700C7D191 /* OnBoardingViewAppUITestsLaunchTests.swift */ = {isa = PBXFileReference; lastKnownFileType = sourcecode.swift; path = OnBoardingViewAppUITestsLaunchTests.swift; sourceTree = "<group>"; };
		DB0A374828AE20A600C7D191 /* OnBoardingItemViewController.swift */ = {isa = PBXFileReference; lastKnownFileType = sourcecode.swift; path = OnBoardingItemViewController.swift; sourceTree = "<group>"; };
		DB0A374928AE20A600C7D191 /* OnBoardingItemViewController.xib */ = {isa = PBXFileReference; lastKnownFileType = file.xib; path = OnBoardingItemViewController.xib; sourceTree = "<group>"; };
		DB0A374C28AE2B8900C7D191 /* OnBoardingPageViewController.swift */ = {isa = PBXFileReference; lastKnownFileType = sourcecode.swift; path = OnBoardingPageViewController.swift; sourceTree = "<group>"; };
/* End PBXFileReference section */

/* Begin PBXFrameworksBuildPhase section */
		DB0A371228AE1FB400C7D191 /* Frameworks */ = {
			isa = PBXFrameworksBuildPhase;
			buildActionMask = 2147483647;
			files = (
			);
			runOnlyForDeploymentPostprocessing = 0;
		};
		DB0A372828AE1FB700C7D191 /* Frameworks */ = {
			isa = PBXFrameworksBuildPhase;
			buildActionMask = 2147483647;
			files = (
			);
			runOnlyForDeploymentPostprocessing = 0;
		};
		DB0A373228AE1FB700C7D191 /* Frameworks */ = {
			isa = PBXFrameworksBuildPhase;
			buildActionMask = 2147483647;
			files = (
			);
			runOnlyForDeploymentPostprocessing = 0;
		};
/* End PBXFrameworksBuildPhase section */

/* Begin PBXGroup section */
		DB0A370C28AE1FB400C7D191 = {
			isa = PBXGroup;
			children = (
				DB0A371728AE1FB400C7D191 /* OnBoardingViewApp */,
				DB0A372E28AE1FB700C7D191 /* OnBoardingViewAppTests */,
				DB0A373828AE1FB700C7D191 /* OnBoardingViewAppUITests */,
				DB0A371628AE1FB400C7D191 /* Products */,
			);
			sourceTree = "<group>";
		};
		DB0A371628AE1FB400C7D191 /* Products */ = {
			isa = PBXGroup;
			children = (
				DB0A371528AE1FB400C7D191 /* OnBoardingViewApp.app */,
				DB0A372B28AE1FB700C7D191 /* OnBoardingViewAppTests.xctest */,
				DB0A373528AE1FB700C7D191 /* OnBoardingViewAppUITests.xctest */,
			);
			name = Products;
			sourceTree = "<group>";
		};
		DB0A371728AE1FB400C7D191 /* OnBoardingViewApp */ = {
			isa = PBXGroup;
			children = (
				DB0A371828AE1FB400C7D191 /* AppDelegate.swift */,
				DB0A371A28AE1FB400C7D191 /* SceneDelegate.swift */,
				DB0A371C28AE1FB400C7D191 /* ViewController.swift */,
				DB0A371E28AE1FB400C7D191 /* Main.storyboard */,
				DB0A372128AE1FB700C7D191 /* Assets.xcassets */,
				DB0A372328AE1FB700C7D191 /* LaunchScreen.storyboard */,
				DB0A372628AE1FB700C7D191 /* Info.plist */,
				DB0A374828AE20A600C7D191 /* OnBoardingItemViewController.swift */,
				DB0A374928AE20A600C7D191 /* OnBoardingItemViewController.xib */,
				DB0A374C28AE2B8900C7D191 /* OnBoardingPageViewController.swift */,
			);
			path = OnBoardingViewApp;
			sourceTree = "<group>";
		};
		DB0A372E28AE1FB700C7D191 /* OnBoardingViewAppTests */ = {
			isa = PBXGroup;
			children = (
				DB0A372F28AE1FB700C7D191 /* OnBoardingViewAppTests.swift */,
			);
			path = OnBoardingViewAppTests;
			sourceTree = "<group>";
		};
		DB0A373828AE1FB700C7D191 /* OnBoardingViewAppUITests */ = {
			isa = PBXGroup;
			children = (
				DB0A373928AE1FB700C7D191 /* OnBoardingViewAppUITests.swift */,
				DB0A373B28AE1FB700C7D191 /* OnBoardingViewAppUITestsLaunchTests.swift */,
			);
			path = OnBoardingViewAppUITests;
			sourceTree = "<group>";
		};
/* End PBXGroup section */

/* Begin PBXNativeTarget section */
		DB0A371428AE1FB400C7D191 /* OnBoardingViewApp */ = {
			isa = PBXNativeTarget;
			buildConfigurationList = DB0A373F28AE1FB700C7D191 /* Build configuration list for PBXNativeTarget "OnBoardingViewApp" */;
			buildPhases = (
				DB0A371128AE1FB400C7D191 /* Sources */,
				DB0A371228AE1FB400C7D191 /* Frameworks */,
				DB0A371328AE1FB400C7D191 /* Resources */,
			);
			buildRules = (
			);
			dependencies = (
			);
			name = OnBoardingViewApp;
			productName = OnBoardingViewApp;
			productReference = DB0A371528AE1FB400C7D191 /* OnBoardingViewApp.app */;
			productType = "com.apple.product-type.application";
		};
		DB0A372A28AE1FB700C7D191 /* OnBoardingViewAppTests */ = {
			isa = PBXNativeTarget;
			buildConfigurationList = DB0A374228AE1FB700C7D191 /* Build configuration list for PBXNativeTarget "OnBoardingViewAppTests" */;
			buildPhases = (
				DB0A372728AE1FB700C7D191 /* Sources */,
				DB0A372828AE1FB700C7D191 /* Frameworks */,
				DB0A372928AE1FB700C7D191 /* Resources */,
			);
			buildRules = (
			);
			dependencies = (
				DB0A372D28AE1FB700C7D191 /* PBXTargetDependency */,
			);
			name = OnBoardingViewAppTests;
			productName = OnBoardingViewAppTests;
			productReference = DB0A372B28AE1FB700C7D191 /* OnBoardingViewAppTests.xctest */;
			productType = "com.apple.product-type.bundle.unit-test";
		};
		DB0A373428AE1FB700C7D191 /* OnBoardingViewAppUITests */ = {
			isa = PBXNativeTarget;
			buildConfigurationList = DB0A374528AE1FB700C7D191 /* Build configuration list for PBXNativeTarget "OnBoardingViewAppUITests" */;
			buildPhases = (
				DB0A373128AE1FB700C7D191 /* Sources */,
				DB0A373228AE1FB700C7D191 /* Frameworks */,
				DB0A373328AE1FB700C7D191 /* Resources */,
			);
			buildRules = (
			);
			dependencies = (
				DB0A373728AE1FB700C7D191 /* PBXTargetDependency */,
			);
			name = OnBoardingViewAppUITests;
			productName = OnBoardingViewAppUITests;
			productReference = DB0A373528AE1FB700C7D191 /* OnBoardingViewAppUITests.xctest */;
			productType = "com.apple.product-type.bundle.ui-testing";
		};
/* End PBXNativeTarget section */

/* Begin PBXProject section */
		DB0A370D28AE1FB400C7D191 /* Project object */ = {
			isa = PBXProject;
			attributes = {
				BuildIndependentTargetsInParallel = 1;
				LastSwiftUpdateCheck = 1330;
				LastUpgradeCheck = 1330;
				TargetAttributes = {
					DB0A371428AE1FB400C7D191 = {
						CreatedOnToolsVersion = 13.3;
					};
					DB0A372A28AE1FB700C7D191 = {
						CreatedOnToolsVersion = 13.3;
						TestTargetID = DB0A371428AE1FB400C7D191;
					};
					DB0A373428AE1FB700C7D191 = {
						CreatedOnToolsVersion = 13.3;
						TestTargetID = DB0A371428AE1FB400C7D191;
					};
				};
			};
			buildConfigurationList = DB0A371028AE1FB400C7D191 /* Build configuration list for PBXProject "OnBoardingViewApp" */;
			compatibilityVersion = "Xcode 13.0";
			developmentRegion = en;
			hasScannedForEncodings = 0;
			knownRegions = (
				en,
				Base,
			);
			mainGroup = DB0A370C28AE1FB400C7D191;
			productRefGroup = DB0A371628AE1FB400C7D191 /* Products */;
			projectDirPath = "";
			projectRoot = "";
			targets = (
				DB0A371428AE1FB400C7D191 /* OnBoardingViewApp */,
				DB0A372A28AE1FB700C7D191 /* OnBoardingViewAppTests */,
				DB0A373428AE1FB700C7D191 /* OnBoardingViewAppUITests */,
			);
		};
/* End PBXProject section */

/* Begin PBXResourcesBuildPhase section */
		DB0A371328AE1FB400C7D191 /* Resources */ = {
			isa = PBXResourcesBuildPhase;
			buildActionMask = 2147483647;
			files = (
				DB0A374B28AE20A600C7D191 /* OnBoardingItemViewController.xib in Resources */,
				DB0A372528AE1FB700C7D191 /* LaunchScreen.storyboard in Resources */,
				DB0A372228AE1FB700C7D191 /* Assets.xcassets in Resources */,
				DB0A372028AE1FB400C7D191 /* Main.storyboard in Resources */,
			);
			runOnlyForDeploymentPostprocessing = 0;
		};
		DB0A372928AE1FB700C7D191 /* Resources */ = {
			isa = PBXResourcesBuildPhase;
			buildActionMask = 2147483647;
			files = (
			);
			runOnlyForDeploymentPostprocessing = 0;
		};
		DB0A373328AE1FB700C7D191 /* Resources */ = {
			isa = PBXResourcesBuildPhase;
			buildActionMask = 2147483647;
			files = (
			);
			runOnlyForDeploymentPostprocessing = 0;
		};
/* End PBXResourcesBuildPhase section */

/* Begin PBXSourcesBuildPhase section */
		DB0A371128AE1FB400C7D191 /* Sources */ = {
			isa = PBXSourcesBuildPhase;
			buildActionMask = 2147483647;
			files = (
				DB0A371D28AE1FB400C7D191 /* ViewController.swift in Sources */,
				DB0A371928AE1FB400C7D191 /* AppDelegate.swift in Sources */,
				DB0A374D28AE2B8900C7D191 /* OnBoardingPageViewController.swift in Sources */,
				DB0A374A28AE20A600C7D191 /* OnBoardingItemViewController.swift in Sources */,
				DB0A371B28AE1FB400C7D191 /* SceneDelegate.swift in Sources */,
			);
			runOnlyForDeploymentPostprocessing = 0;
		};
		DB0A372728AE1FB700C7D191 /* Sources */ = {
			isa = PBXSourcesBuildPhase;
			buildActionMask = 2147483647;
			files = (
				DB0A373028AE1FB700C7D191 /* OnBoardingViewAppTests.swift in Sources */,
			);
			runOnlyForDeploymentPostprocessing = 0;
		};
		DB0A373128AE1FB700C7D191 /* Sources */ = {
			isa = PBXSourcesBuildPhase;
			buildActionMask = 2147483647;
			files = (
				DB0A373C28AE1FB700C7D191 /* OnBoardingViewAppUITestsLaunchTests.swift in Sources */,
				DB0A373A28AE1FB700C7D191 /* OnBoardingViewAppUITests.swift in Sources */,
			);
			runOnlyForDeploymentPostprocessing = 0;
		};
/* End PBXSourcesBuildPhase section */

/* Begin PBXTargetDependency section */
		DB0A372D28AE1FB700C7D191 /* PBXTargetDependency */ = {
			isa = PBXTargetDependency;
			target = DB0A371428AE1FB400C7D191 /* OnBoardingViewApp */;
			targetProxy = DB0A372C28AE1FB700C7D191 /* PBXContainerItemProxy */;
		};
		DB0A373728AE1FB700C7D191 /* PBXTargetDependency */ = {
			isa = PBXTargetDependency;
			target = DB0A371428AE1FB400C7D191 /* OnBoardingViewApp */;
			targetProxy = DB0A373628AE1FB700C7D191 /* PBXContainerItemProxy */;
		};
/* End PBXTargetDependency section */

/* Begin PBXVariantGroup section */
		DB0A371E28AE1FB400C7D191 /* Main.storyboard */ = {
			isa = PBXVariantGroup;
			children = (
				DB0A371F28AE1FB400C7D191 /* Base */,
			);
			name = Main.storyboard;
			sourceTree = "<group>";
		};
		DB0A372328AE1FB700C7D191 /* LaunchScreen.storyboard */ = {
			isa = PBXVariantGroup;
			children = (
				DB0A372428AE1FB700C7D191 /* Base */,
			);
			name = LaunchScreen.storyboard;
			sourceTree = "<group>";
		};
/* End PBXVariantGroup section */

/* Begin XCBuildConfiguration section */
		DB0A373D28AE1FB700C7D191 /* Debug */ = {
			isa = XCBuildConfiguration;
			buildSettings = {
				ALWAYS_SEARCH_USER_PATHS = NO;
				CLANG_ANALYZER_NONNULL = YES;
				CLANG_ANALYZER_NUMBER_OBJECT_CONVERSION = YES_AGGRESSIVE;
				CLANG_CXX_LANGUAGE_STANDARD = "gnu++17";
				CLANG_ENABLE_MODULES = YES;
				CLANG_ENABLE_OBJC_ARC = YES;
				CLANG_ENABLE_OBJC_WEAK = YES;
				CLANG_WARN_BLOCK_CAPTURE_AUTORELEASING = YES;
				CLANG_WARN_BOOL_CONVERSION = YES;
				CLANG_WARN_COMMA = YES;
				CLANG_WARN_CONSTANT_CONVERSION = YES;
				CLANG_WARN_DEPRECATED_OBJC_IMPLEMENTATIONS = YES;
				CLANG_WARN_DIRECT_OBJC_ISA_USAGE = YES_ERROR;
				CLANG_WARN_DOCUMENTATION_COMMENTS = YES;
				CLANG_WARN_EMPTY_BODY = YES;
				CLANG_WARN_ENUM_CONVERSION = YES;
				CLANG_WARN_INFINITE_RECURSION = YES;
				CLANG_WARN_INT_CONVERSION = YES;
				CLANG_WARN_NON_LITERAL_NULL_CONVERSION = YES;
				CLANG_WARN_OBJC_IMPLICIT_RETAIN_SELF = YES;
				CLANG_WARN_OBJC_LITERAL_CONVERSION = YES;
				CLANG_WARN_OBJC_ROOT_CLASS = YES_ERROR;
				CLANG_WARN_QUOTED_INCLUDE_IN_FRAMEWORK_HEADER = YES;
				CLANG_WARN_RANGE_LOOP_ANALYSIS = YES;
				CLANG_WARN_STRICT_PROTOTYPES = YES;
				CLANG_WARN_SUSPICIOUS_MOVE = YES;
				CLANG_WARN_UNGUARDED_AVAILABILITY = YES_AGGRESSIVE;
				CLANG_WARN_UNREACHABLE_CODE = YES;
				CLANG_WARN__DUPLICATE_METHOD_MATCH = YES;
				COPY_PHASE_STRIP = NO;
				DEBUG_INFORMATION_FORMAT = dwarf;
				ENABLE_STRICT_OBJC_MSGSEND = YES;
				ENABLE_TESTABILITY = YES;
				GCC_C_LANGUAGE_STANDARD = gnu11;
				GCC_DYNAMIC_NO_PIC = NO;
				GCC_NO_COMMON_BLOCKS = YES;
				GCC_OPTIMIZATION_LEVEL = 0;
				GCC_PREPROCESSOR_DEFINITIONS = (
					"DEBUG=1",
					"$(inherited)",
				);
				GCC_WARN_64_TO_32_BIT_CONVERSION = YES;
				GCC_WARN_ABOUT_RETURN_TYPE = YES_ERROR;
				GCC_WARN_UNDECLARED_SELECTOR = YES;
				GCC_WARN_UNINITIALIZED_AUTOS = YES_AGGRESSIVE;
				GCC_WARN_UNUSED_FUNCTION = YES;
				GCC_WARN_UNUSED_VARIABLE = YES;
				IPHONEOS_DEPLOYMENT_TARGET = 15.4;
				MTL_ENABLE_DEBUG_INFO = INCLUDE_SOURCE;
				MTL_FAST_MATH = YES;
				ONLY_ACTIVE_ARCH = YES;
				SDKROOT = iphoneos;
				SWIFT_ACTIVE_COMPILATION_CONDITIONS = DEBUG;
				SWIFT_OPTIMIZATION_LEVEL = "-Onone";
			};
			name = Debug;
		};
		DB0A373E28AE1FB700C7D191 /* Release */ = {
			isa = XCBuildConfiguration;
			buildSettings = {
				ALWAYS_SEARCH_USER_PATHS = NO;
				CLANG_ANALYZER_NONNULL = YES;
				CLANG_ANALYZER_NUMBER_OBJECT_CONVERSION = YES_AGGRESSIVE;
				CLANG_CXX_LANGUAGE_STANDARD = "gnu++17";
				CLANG_ENABLE_MODULES = YES;
				CLANG_ENABLE_OBJC_ARC = YES;
				CLANG_ENABLE_OBJC_WEAK = YES;
				CLANG_WARN_BLOCK_CAPTURE_AUTORELEASING = YES;
				CLANG_WARN_BOOL_CONVERSION = YES;
				CLANG_WARN_COMMA = YES;
				CLANG_WARN_CONSTANT_CONVERSION = YES;
				CLANG_WARN_DEPRECATED_OBJC_IMPLEMENTATIONS = YES;
				CLANG_WARN_DIRECT_OBJC_ISA_USAGE = YES_ERROR;
				CLANG_WARN_DOCUMENTATION_COMMENTS = YES;
				CLANG_WARN_EMPTY_BODY = YES;
				CLANG_WARN_ENUM_CONVERSION = YES;
				CLANG_WARN_INFINITE_RECURSION = YES;
				CLANG_WARN_INT_CONVERSION = YES;
				CLANG_WARN_NON_LITERAL_NULL_CONVERSION = YES;
				CLANG_WARN_OBJC_IMPLICIT_RETAIN_SELF = YES;
				CLANG_WARN_OBJC_LITERAL_CONVERSION = YES;
				CLANG_WARN_OBJC_ROOT_CLASS = YES_ERROR;
				CLANG_WARN_QUOTED_INCLUDE_IN_FRAMEWORK_HEADER = YES;
				CLANG_WARN_RANGE_LOOP_ANALYSIS = YES;
				CLANG_WARN_STRICT_PROTOTYPES = YES;
				CLANG_WARN_SUSPICIOUS_MOVE = YES;
				CLANG_WARN_UNGUARDED_AVAILABILITY = YES_AGGRESSIVE;
				CLANG_WARN_UNREACHABLE_CODE = YES;
				CLANG_WARN__DUPLICATE_METHOD_MATCH = YES;
				COPY_PHASE_STRIP = NO;
				DEBUG_INFORMATION_FORMAT = "dwarf-with-dsym";
				ENABLE_NS_ASSERTIONS = NO;
				ENABLE_STRICT_OBJC_MSGSEND = YES;
				GCC_C_LANGUAGE_STANDARD = gnu11;
				GCC_NO_COMMON_BLOCKS = YES;
				GCC_WARN_64_TO_32_BIT_CONVERSION = YES;
				GCC_WARN_ABOUT_RETURN_TYPE = YES_ERROR;
				GCC_WARN_UNDECLARED_SELECTOR = YES;
				GCC_WARN_UNINITIALIZED_AUTOS = YES_AGGRESSIVE;
				GCC_WARN_UNUSED_FUNCTION = YES;
				GCC_WARN_UNUSED_VARIABLE = YES;
				IPHONEOS_DEPLOYMENT_TARGET = 15.4;
				MTL_ENABLE_DEBUG_INFO = NO;
				MTL_FAST_MATH = YES;
				SDKROOT = iphoneos;
				SWIFT_COMPILATION_MODE = wholemodule;
				SWIFT_OPTIMIZATION_LEVEL = "-O";
				VALIDATE_PRODUCT = YES;
			};
			name = Release;
		};
		DB0A374028AE1FB700C7D191 /* Debug */ = {
			isa = XCBuildConfiguration;
			buildSettings = {
				ASSETCATALOG_COMPILER_APPICON_NAME = AppIcon;
				ASSETCATALOG_COMPILER_GLOBAL_ACCENT_COLOR_NAME = AccentColor;
				CODE_SIGN_STYLE = Automatic;
				CURRENT_PROJECT_VERSION = 1;
				DEVELOPMENT_TEAM = AWR77X8V5R;
				GENERATE_INFOPLIST_FILE = YES;
				INFOPLIST_FILE = OnBoardingViewApp/Info.plist;
				INFOPLIST_KEY_UIApplicationSupportsIndirectInputEvents = YES;
				INFOPLIST_KEY_UILaunchStoryboardName = LaunchScreen;
				INFOPLIST_KEY_UIMainStoryboardFile = Main;
				INFOPLIST_KEY_UISupportedInterfaceOrientations_iPad = "UIInterfaceOrientationPortrait UIInterfaceOrientationPortraitUpsideDown UIInterfaceOrientationLandscapeLeft UIInterfaceOrientationLandscapeRight";
				INFOPLIST_KEY_UISupportedInterfaceOrientations_iPhone = "UIInterfaceOrientationPortrait UIInterfaceOrientationLandscapeLeft UIInterfaceOrientationLandscapeRight";
				LD_RUNPATH_SEARCH_PATHS = (
					"$(inherited)",
					"@executable_path/Frameworks",
				);
				MARKETING_VERSION = 1.0;
				PRODUCT_BUNDLE_IDENTIFIER = com.study.test.OnBoardingViewApp;
				PRODUCT_NAME = "$(TARGET_NAME)";
				SWIFT_EMIT_LOC_STRINGS = YES;
				SWIFT_VERSION = 5.0;
				TARGETED_DEVICE_FAMILY = "1,2";
			};
			name = Debug;
		};
		DB0A374128AE1FB700C7D191 /* Release */ = {
			isa = XCBuildConfiguration;
			buildSettings = {
				ASSETCATALOG_COMPILER_APPICON_NAME = AppIcon;
				ASSETCATALOG_COMPILER_GLOBAL_ACCENT_COLOR_NAME = AccentColor;
				CODE_SIGN_STYLE = Automatic;
				CURRENT_PROJECT_VERSION = 1;
				DEVELOPMENT_TEAM = AWR77X8V5R;
				GENERATE_INFOPLIST_FILE = YES;
				INFOPLIST_FILE = OnBoardingViewApp/Info.plist;
				INFOPLIST_KEY_UIApplicationSupportsIndirectInputEvents = YES;
				INFOPLIST_KEY_UILaunchStoryboardName = LaunchScreen;
				INFOPLIST_KEY_UIMainStoryboardFile = Main;
				INFOPLIST_KEY_UISupportedInterfaceOrientations_iPad = "UIInterfaceOrientationPortrait UIInterfaceOrientationPortraitUpsideDown UIInterfaceOrientationLandscapeLeft UIInterfaceOrientationLandscapeRight";
				INFOPLIST_KEY_UISupportedInterfaceOrientations_iPhone = "UIInterfaceOrientationPortrait UIInterfaceOrientationLandscapeLeft UIInterfaceOrientationLandscapeRight";
				LD_RUNPATH_SEARCH_PATHS = (
					"$(inherited)",
					"@executable_path/Frameworks",
				);
				MARKETING_VERSION = 1.0;
				PRODUCT_BUNDLE_IDENTIFIER = com.study.test.OnBoardingViewApp;
				PRODUCT_NAME = "$(TARGET_NAME)";
				SWIFT_EMIT_LOC_STRINGS = YES;
				SWIFT_VERSION = 5.0;
				TARGETED_DEVICE_FAMILY = "1,2";
			};
			name = Release;
		};
		DB0A374328AE1FB700C7D191 /* Debug */ = {
			isa = XCBuildConfiguration;
			buildSettings = {
				ALWAYS_EMBED_SWIFT_STANDARD_LIBRARIES = YES;
				BUNDLE_LOADER = "$(TEST_HOST)";
				CODE_SIGN_STYLE = Automatic;
				CURRENT_PROJECT_VERSION = 1;
				DEVELOPMENT_TEAM = AWR77X8V5R;
				GENERATE_INFOPLIST_FILE = YES;
				IPHONEOS_DEPLOYMENT_TARGET = 15.4;
				MARKETING_VERSION = 1.0;
				PRODUCT_BUNDLE_IDENTIFIER = com.study.test.OnBoardingViewAppTests;
				PRODUCT_NAME = "$(TARGET_NAME)";
				SWIFT_EMIT_LOC_STRINGS = NO;
				SWIFT_VERSION = 5.0;
				TARGETED_DEVICE_FAMILY = "1,2";
				TEST_HOST = "$(BUILT_PRODUCTS_DIR)/OnBoardingViewApp.app/OnBoardingViewApp";
			};
			name = Debug;
		};
		DB0A374428AE1FB700C7D191 /* Release */ = {
			isa = XCBuildConfiguration;
			buildSettings = {
				ALWAYS_EMBED_SWIFT_STANDARD_LIBRARIES = YES;
				BUNDLE_LOADER = "$(TEST_HOST)";
				CODE_SIGN_STYLE = Automatic;
				CURRENT_PROJECT_VERSION = 1;
				DEVELOPMENT_TEAM = AWR77X8V5R;
				GENERATE_INFOPLIST_FILE = YES;
				IPHONEOS_DEPLOYMENT_TARGET = 15.4;
				MARKETING_VERSION = 1.0;
				PRODUCT_BUNDLE_IDENTIFIER = com.study.test.OnBoardingViewAppTests;
				PRODUCT_NAME = "$(TARGET_NAME)";
				SWIFT_EMIT_LOC_STRINGS = NO;
				SWIFT_VERSION = 5.0;
				TARGETED_DEVICE_FAMILY = "1,2";
				TEST_HOST = "$(BUILT_PRODUCTS_DIR)/OnBoardingViewApp.app/OnBoardingViewApp";
			};
			name = Release;
		};
		DB0A374628AE1FB700C7D191 /* Debug */ = {
			isa = XCBuildConfiguration;
			buildSettings = {
				ALWAYS_EMBED_SWIFT_STANDARD_LIBRARIES = YES;
				CODE_SIGN_STYLE = Automatic;
				CURRENT_PROJECT_VERSION = 1;
				DEVELOPMENT_TEAM = AWR77X8V5R;
				GENERATE_INFOPLIST_FILE = YES;
				MARKETING_VERSION = 1.0;
				PRODUCT_BUNDLE_IDENTIFIER = com.study.test.OnBoardingViewAppUITests;
				PRODUCT_NAME = "$(TARGET_NAME)";
				SWIFT_EMIT_LOC_STRINGS = NO;
				SWIFT_VERSION = 5.0;
				TARGETED_DEVICE_FAMILY = "1,2";
				TEST_TARGET_NAME = OnBoardingViewApp;
			};
			name = Debug;
		};
		DB0A374728AE1FB700C7D191 /* Release */ = {
			isa = XCBuildConfiguration;
			buildSettings = {
				ALWAYS_EMBED_SWIFT_STANDARD_LIBRARIES = YES;
				CODE_SIGN_STYLE = Automatic;
				CURRENT_PROJECT_VERSION = 1;
				DEVELOPMENT_TEAM = AWR77X8V5R;
				GENERATE_INFOPLIST_FILE = YES;
				MARKETING_VERSION = 1.0;
				PRODUCT_BUNDLE_IDENTIFIER = com.study.test.OnBoardingViewAppUITests;
				PRODUCT_NAME = "$(TARGET_NAME)";
				SWIFT_EMIT_LOC_STRINGS = NO;
				SWIFT_VERSION = 5.0;
				TARGETED_DEVICE_FAMILY = "1,2";
				TEST_TARGET_NAME = OnBoardingViewApp;
			};
			name = Release;
		};
/* End XCBuildConfiguration section */

/* Begin XCConfigurationList section */
		DB0A371028AE1FB400C7D191 /* Build configuration list for PBXProject "OnBoardingViewApp" */ = {
			isa = XCConfigurationList;
			buildConfigurations = (
				DB0A373D28AE1FB700C7D191 /* Debug */,
				DB0A373E28AE1FB700C7D191 /* Release */,
			);
			defaultConfigurationIsVisible = 0;
			defaultConfigurationName = Release;
		};
		DB0A373F28AE1FB700C7D191 /* Build configuration list for PBXNativeTarget "OnBoardingViewApp" */ = {
			isa = XCConfigurationList;
			buildConfigurations = (
				DB0A374028AE1FB700C7D191 /* Debug */,
				DB0A374128AE1FB700C7D191 /* Release */,
			);
			defaultConfigurationIsVisible = 0;
			defaultConfigurationName = Release;
		};
		DB0A374228AE1FB700C7D191 /* Build configuration list for PBXNativeTarget "OnBoardingViewAppTests" */ = {
			isa = XCConfigurationList;
			buildConfigurations = (
				DB0A374328AE1FB700C7D191 /* Debug */,
				DB0A374428AE1FB700C7D191 /* Release */,
			);
			defaultConfigurationIsVisible = 0;
			defaultConfigurationName = Release;
		};
		DB0A374528AE1FB700C7D191 /* Build configuration list for PBXNativeTarget "OnBoardingViewAppUITests" */ = {
			isa = XCConfigurationList;
			buildConfigurations = (
				DB0A374628AE1FB700C7D191 /* Debug */,
				DB0A374728AE1FB700C7D191 /* Release */,
			);
			defaultConfigurationIsVisible = 0;
			defaultConfigurationName = Release;
		};
/* End XCConfigurationList section */
	};
	rootObject = DB0A370D28AE1FB400C7D191 /* Project object */;
}
