// !$*UTF8*$!
{
	archiveVersion = 1;
	classes = {
	};
	objectVersion = 56;
	objects = {

/* Begin PBXBuildFile section */
		DB096FB52ADCEE41000B1D15 /* LocalPushNotificationApp.swift in Sources */ = {isa = PBXBuildFile; fileRef = DB096FB42ADCEE41000B1D15 /* LocalPushNotificationApp.swift */; };
		DB096FB72ADCEE41000B1D15 /* ContentView.swift in Sources */ = {isa = PBXBuildFile; fileRef = DB096FB62ADCEE41000B1D15 /* ContentView.swift */; };
		DB096FB92ADCEE42000B1D15 /* Assets.xcassets in Resources */ = {isa = PBXBuildFile; fileRef = DB096FB82ADCEE42000B1D15 /* Assets.xcassets */; };
		DB096FBC2ADCEE42000B1D15 /* Preview Assets.xcassets in Resources */ = {isa = PBXBuildFile; fileRef = DB096FBB2ADCEE42000B1D15 /* Preview Assets.xcassets */; };
		DB096FC52ADCF691000B1D15 /* user.png in Resources */ = {isa = PBXBuildFile; fileRef = DB096FC42ADCF691000B1D15 /* user.png */; };
		DB096FC72ADD16D3000B1D15 /* NotiCenterService.swift in Sources */ = {isa = PBXBuildFile; fileRef = DB096FC62ADD16D3000B1D15 /* NotiCenterService.swift */; };
		DB096FC92ADD20EE000B1D15 /* NotiContent.swift in Sources */ = {isa = PBXBuildFile; fileRef = DB096FC82ADD20EE000B1D15 /* NotiContent.swift */; };
		DB096FCB2ADD2106000B1D15 /* ContentViewModel.swift in Sources */ = {isa = PBXBuildFile; fileRef = DB096FCA2ADD2106000B1D15 /* ContentViewModel.swift */; };
		DB096FCD2ADD937D000B1D15 /* NotiContentBuilder.swift in Sources */ = {isa = PBXBuildFile; fileRef = DB096FCC2ADD937D000B1D15 /* NotiContentBuilder.swift */; };
		DB096FD42ADD97B8000B1D15 /* View+openSettingsApp.swift in Sources */ = {isa = PBXBuildFile; fileRef = DB096FD32ADD97B8000B1D15 /* View+openSettingsApp.swift */; };
/* End PBXBuildFile section */

/* Begin PBXFileReference section */
		DB096FB12ADCEE41000B1D15 /* LocalPushNotification.app */ = {isa = PBXFileReference; explicitFileType = wrapper.application; includeInIndex = 0; path = LocalPushNotification.app; sourceTree = BUILT_PRODUCTS_DIR; };
		DB096FB42ADCEE41000B1D15 /* LocalPushNotificationApp.swift */ = {isa = PBXFileReference; lastKnownFileType = sourcecode.swift; path = LocalPushNotificationApp.swift; sourceTree = "<group>"; };
		DB096FB62ADCEE41000B1D15 /* ContentView.swift */ = {isa = PBXFileReference; lastKnownFileType = sourcecode.swift; path = ContentView.swift; sourceTree = "<group>"; };
		DB096FB82ADCEE42000B1D15 /* Assets.xcassets */ = {isa = PBXFileReference; lastKnownFileType = folder.assetcatalog; path = Assets.xcassets; sourceTree = "<group>"; };
		DB096FBB2ADCEE42000B1D15 /* Preview Assets.xcassets */ = {isa = PBXFileReference; lastKnownFileType = folder.assetcatalog; path = "Preview Assets.xcassets"; sourceTree = "<group>"; };
		DB096FC42ADCF691000B1D15 /* user.png */ = {isa = PBXFileReference; lastKnownFileType = image.png; path = user.png; sourceTree = "<group>"; };
		DB096FC62ADD16D3000B1D15 /* NotiCenterService.swift */ = {isa = PBXFileReference; lastKnownFileType = sourcecode.swift; path = NotiCenterService.swift; sourceTree = "<group>"; };
		DB096FC82ADD20EE000B1D15 /* NotiContent.swift */ = {isa = PBXFileReference; lastKnownFileType = sourcecode.swift; path = NotiContent.swift; sourceTree = "<group>"; };
		DB096FCA2ADD2106000B1D15 /* ContentViewModel.swift */ = {isa = PBXFileReference; lastKnownFileType = sourcecode.swift; path = ContentViewModel.swift; sourceTree = "<group>"; };
		DB096FCC2ADD937D000B1D15 /* NotiContentBuilder.swift */ = {isa = PBXFileReference; lastKnownFileType = sourcecode.swift; path = NotiContentBuilder.swift; sourceTree = "<group>"; };
		DB096FD32ADD97B8000B1D15 /* View+openSettingsApp.swift */ = {isa = PBXFileReference; lastKnownFileType = sourcecode.swift; path = "View+openSettingsApp.swift"; sourceTree = "<group>"; };
/* End PBXFileReference section */

/* Begin PBXFrameworksBuildPhase section */
		DB096FAE2ADCEE41000B1D15 /* Frameworks */ = {
			isa = PBXFrameworksBuildPhase;
			buildActionMask = 2147483647;
			files = (
			);
			runOnlyForDeploymentPostprocessing = 0;
		};
/* End PBXFrameworksBuildPhase section */

/* Begin PBXGroup section */
		DB096FA82ADCEE41000B1D15 = {
			isa = PBXGroup;
			children = (
				DB096FB32ADCEE41000B1D15 /* LocalPushNotification */,
				DB096FB22ADCEE41000B1D15 /* Products */,
			);
			sourceTree = "<group>";
		};
		DB096FB22ADCEE41000B1D15 /* Products */ = {
			isa = PBXGroup;
			children = (
				DB096FB12ADCEE41000B1D15 /* LocalPushNotification.app */,
			);
			name = Products;
			sourceTree = "<group>";
		};
		DB096FB32ADCEE41000B1D15 /* LocalPushNotification */ = {
			isa = PBXGroup;
			children = (
				DB096FB42ADCEE41000B1D15 /* LocalPushNotificationApp.swift */,
				DB096FCF2ADD9608000B1D15 /* Domain */,
				DB096FCE2ADD95FB000B1D15 /* Service */,
				DB096FD02ADD9642000B1D15 /* View */,
				DB096FD12ADD964C000B1D15 /* ViewModel */,
				DB096FC42ADCF691000B1D15 /* user.png */,
				DB096FB82ADCEE42000B1D15 /* Assets.xcassets */,
				DB096FBA2ADCEE42000B1D15 /* Preview Content */,
			);
			path = LocalPushNotification;
			sourceTree = "<group>";
		};
		DB096FBA2ADCEE42000B1D15 /* Preview Content */ = {
			isa = PBXGroup;
			children = (
				DB096FBB2ADCEE42000B1D15 /* Preview Assets.xcassets */,
			);
			path = "Preview Content";
			sourceTree = "<group>";
		};
		DB096FCE2ADD95FB000B1D15 /* Service */ = {
			isa = PBXGroup;
			children = (
				DB096FC62ADD16D3000B1D15 /* NotiCenterService.swift */,
			);
			path = Service;
			sourceTree = "<group>";
		};
		DB096FCF2ADD9608000B1D15 /* Domain */ = {
			isa = PBXGroup;
			children = (
				DB096FD22ADD9674000B1D15 /* LocalPushNotification */,
			);
			path = Domain;
			sourceTree = "<group>";
		};
		DB096FD02ADD9642000B1D15 /* View */ = {
			isa = PBXGroup;
			children = (
				DB096FB62ADCEE41000B1D15 /* ContentView.swift */,
				DB096FD32ADD97B8000B1D15 /* View+openSettingsApp.swift */,
			);
			path = View;
			sourceTree = "<group>";
		};
		DB096FD12ADD964C000B1D15 /* ViewModel */ = {
			isa = PBXGroup;
			children = (
				DB096FCA2ADD2106000B1D15 /* ContentViewModel.swift */,
			);
			path = ViewModel;
			sourceTree = "<group>";
		};
		DB096FD22ADD9674000B1D15 /* LocalPushNotification */ = {
			isa = PBXGroup;
			children = (
				DB096FC82ADD20EE000B1D15 /* NotiContent.swift */,
				DB096FCC2ADD937D000B1D15 /* NotiContentBuilder.swift */,
			);
			path = LocalPushNotification;
			sourceTree = "<group>";
		};
/* End PBXGroup section */

/* Begin PBXNativeTarget section */
		DB096FB02ADCEE41000B1D15 /* LocalPushNotification */ = {
			isa = PBXNativeTarget;
			buildConfigurationList = DB096FBF2ADCEE42000B1D15 /* Build configuration list for PBXNativeTarget "LocalPushNotification" */;
			buildPhases = (
				DB096FAD2ADCEE41000B1D15 /* Sources */,
				DB096FAE2ADCEE41000B1D15 /* Frameworks */,
				DB096FAF2ADCEE41000B1D15 /* Resources */,
			);
			buildRules = (
			);
			dependencies = (
			);
			name = LocalPushNotification;
			productName = LocalPushNotification;
			productReference = DB096FB12ADCEE41000B1D15 /* LocalPushNotification.app */;
			productType = "com.apple.product-type.application";
		};
/* End PBXNativeTarget section */

/* Begin PBXProject section */
		DB096FA92ADCEE41000B1D15 /* Project object */ = {
			isa = PBXProject;
			attributes = {
				BuildIndependentTargetsInParallel = 1;
				LastSwiftUpdateCheck = 1430;
				LastUpgradeCheck = 1430;
				TargetAttributes = {
					DB096FB02ADCEE41000B1D15 = {
						CreatedOnToolsVersion = 14.3.1;
					};
				};
			};
			buildConfigurationList = DB096FAC2ADCEE41000B1D15 /* Build configuration list for PBXProject "LocalPushNotification" */;
			compatibilityVersion = "Xcode 14.0";
			developmentRegion = en;
			hasScannedForEncodings = 0;
			knownRegions = (
				en,
				Base,
			);
			mainGroup = DB096FA82ADCEE41000B1D15;
			productRefGroup = DB096FB22ADCEE41000B1D15 /* Products */;
			projectDirPath = "";
			projectRoot = "";
			targets = (
				DB096FB02ADCEE41000B1D15 /* LocalPushNotification */,
			);
		};
/* End PBXProject section */

/* Begin PBXResourcesBuildPhase section */
		DB096FAF2ADCEE41000B1D15 /* Resources */ = {
			isa = PBXResourcesBuildPhase;
			buildActionMask = 2147483647;
			files = (
				DB096FBC2ADCEE42000B1D15 /* Preview Assets.xcassets in Resources */,
				DB096FB92ADCEE42000B1D15 /* Assets.xcassets in Resources */,
				DB096FC52ADCF691000B1D15 /* user.png in Resources */,
			);
			runOnlyForDeploymentPostprocessing = 0;
		};
/* End PBXResourcesBuildPhase section */

/* Begin PBXSourcesBuildPhase section */
		DB096FAD2ADCEE41000B1D15 /* Sources */ = {
			isa = PBXSourcesBuildPhase;
			buildActionMask = 2147483647;
			files = (
				DB096FB72ADCEE41000B1D15 /* ContentView.swift in Sources */,
				DB096FCD2ADD937D000B1D15 /* NotiContentBuilder.swift in Sources */,
				DB096FC92ADD20EE000B1D15 /* NotiContent.swift in Sources */,
				DB096FD42ADD97B8000B1D15 /* View+openSettingsApp.swift in Sources */,
				DB096FC72ADD16D3000B1D15 /* NotiCenterService.swift in Sources */,
				DB096FB52ADCEE41000B1D15 /* LocalPushNotificationApp.swift in Sources */,
				DB096FCB2ADD2106000B1D15 /* ContentViewModel.swift in Sources */,
			);
			runOnlyForDeploymentPostprocessing = 0;
		};
/* End PBXSourcesBuildPhase section */

/* Begin XCBuildConfiguration section */
		DB096FBD2ADCEE42000B1D15 /* Debug */ = {
			isa = XCBuildConfiguration;
			buildSettings = {
				ALWAYS_SEARCH_USER_PATHS = NO;
				CLANG_ANALYZER_NONNULL = YES;
				CLANG_ANALYZER_NUMBER_OBJECT_CONVERSION = YES_AGGRESSIVE;
				CLANG_CXX_LANGUAGE_STANDARD = "gnu++20";
				CLANG_ENABLE_MODULES = YES;
				CLANG_ENABLE_OBJC_ARC = YES;
				CLANG_ENABLE_OBJC_WEAK = YES;
				CLANG_WARN_BLOCK_CAPTURE_AUTORELEASING = YES;
				CLANG_WARN_BOOL_CONVERSION = YES;
				CLANG_WARN_COMMA = YES;
				CLANG_WARN_CONSTANT_CONVERSION = YES;
				CLANG_WARN_DEPRECATED_OBJC_IMPLEMENTATIONS = YES;
				CLANG_WARN_DIRECT_OBJC_ISA_USAGE = YES_ERROR;
				CLANG_WARN_DOCUMENTATION_COMMENTS = YES;
				CLANG_WARN_EMPTY_BODY = YES;
				CLANG_WARN_ENUM_CONVERSION = YES;
				CLANG_WARN_INFINITE_RECURSION = YES;
				CLANG_WARN_INT_CONVERSION = YES;
				CLANG_WARN_NON_LITERAL_NULL_CONVERSION = YES;
				CLANG_WARN_OBJC_IMPLICIT_RETAIN_SELF = YES;
				CLANG_WARN_OBJC_LITERAL_CONVERSION = YES;
				CLANG_WARN_OBJC_ROOT_CLASS = YES_ERROR;
				CLANG_WARN_QUOTED_INCLUDE_IN_FRAMEWORK_HEADER = YES;
				CLANG_WARN_RANGE_LOOP_ANALYSIS = YES;
				CLANG_WARN_STRICT_PROTOTYPES = YES;
				CLANG_WARN_SUSPICIOUS_MOVE = YES;
				CLANG_WARN_UNGUARDED_AVAILABILITY = YES_AGGRESSIVE;
				CLANG_WARN_UNREACHABLE_CODE = YES;
				CLANG_WARN__DUPLICATE_METHOD_MATCH = YES;
				COPY_PHASE_STRIP = NO;
				DEBUG_INFORMATION_FORMAT = dwarf;
				ENABLE_STRICT_OBJC_MSGSEND = YES;
				ENABLE_TESTABILITY = YES;
				GCC_C_LANGUAGE_STANDARD = gnu11;
				GCC_DYNAMIC_NO_PIC = NO;
				GCC_NO_COMMON_BLOCKS = YES;
				GCC_OPTIMIZATION_LEVEL = 0;
				GCC_PREPROCESSOR_DEFINITIONS = (
					"DEBUG=1",
					"$(inherited)",
				);
				GCC_WARN_64_TO_32_BIT_CONVERSION = YES;
				GCC_WARN_ABOUT_RETURN_TYPE = YES_ERROR;
				GCC_WARN_UNDECLARED_SELECTOR = YES;
				GCC_WARN_UNINITIALIZED_AUTOS = YES_AGGRESSIVE;
				GCC_WARN_UNUSED_FUNCTION = YES;
				GCC_WARN_UNUSED_VARIABLE = YES;
				IPHONEOS_DEPLOYMENT_TARGET = 16.4;
				MTL_ENABLE_DEBUG_INFO = INCLUDE_SOURCE;
				MTL_FAST_MATH = YES;
				ONLY_ACTIVE_ARCH = YES;
				SDKROOT = iphoneos;
				SWIFT_ACTIVE_COMPILATION_CONDITIONS = DEBUG;
				SWIFT_OPTIMIZATION_LEVEL = "-Onone";
			};
			name = Debug;
		};
		DB096FBE2ADCEE42000B1D15 /* Release */ = {
			isa = XCBuildConfiguration;
			buildSettings = {
				ALWAYS_SEARCH_USER_PATHS = NO;
				CLANG_ANALYZER_NONNULL = YES;
				CLANG_ANALYZER_NUMBER_OBJECT_CONVERSION = YES_AGGRESSIVE;
				CLANG_CXX_LANGUAGE_STANDARD = "gnu++20";
				CLANG_ENABLE_MODULES = YES;
				CLANG_ENABLE_OBJC_ARC = YES;
				CLANG_ENABLE_OBJC_WEAK = YES;
				CLANG_WARN_BLOCK_CAPTURE_AUTORELEASING = YES;
				CLANG_WARN_BOOL_CONVERSION = YES;
				CLANG_WARN_COMMA = YES;
				CLANG_WARN_CONSTANT_CONVERSION = YES;
				CLANG_WARN_DEPRECATED_OBJC_IMPLEMENTATIONS = YES;
				CLANG_WARN_DIRECT_OBJC_ISA_USAGE = YES_ERROR;
				CLANG_WARN_DOCUMENTATION_COMMENTS = YES;
				CLANG_WARN_EMPTY_BODY = YES;
				CLANG_WARN_ENUM_CONVERSION = YES;
				CLANG_WARN_INFINITE_RECURSION = YES;
				CLANG_WARN_INT_CONVERSION = YES;
				CLANG_WARN_NON_LITERAL_NULL_CONVERSION = YES;
				CLANG_WARN_OBJC_IMPLICIT_RETAIN_SELF = YES;
				CLANG_WARN_OBJC_LITERAL_CONVERSION = YES;
				CLANG_WARN_OBJC_ROOT_CLASS = YES_ERROR;
				CLANG_WARN_QUOTED_INCLUDE_IN_FRAMEWORK_HEADER = YES;
				CLANG_WARN_RANGE_LOOP_ANALYSIS = YES;
				CLANG_WARN_STRICT_PROTOTYPES = YES;
				CLANG_WARN_SUSPICIOUS_MOVE = YES;
				CLANG_WARN_UNGUARDED_AVAILABILITY = YES_AGGRESSIVE;
				CLANG_WARN_UNREACHABLE_CODE = YES;
				CLANG_WARN__DUPLICATE_METHOD_MATCH = YES;
				COPY_PHASE_STRIP = NO;
				DEBUG_INFORMATION_FORMAT = "dwarf-with-dsym";
				ENABLE_NS_ASSERTIONS = NO;
				ENABLE_STRICT_OBJC_MSGSEND = YES;
				GCC_C_LANGUAGE_STANDARD = gnu11;
				GCC_NO_COMMON_BLOCKS = YES;
				GCC_WARN_64_TO_32_BIT_CONVERSION = YES;
				GCC_WARN_ABOUT_RETURN_TYPE = YES_ERROR;
				GCC_WARN_UNDECLARED_SELECTOR = YES;
				GCC_WARN_UNINITIALIZED_AUTOS = YES_AGGRESSIVE;
				GCC_WARN_UNUSED_FUNCTION = YES;
				GCC_WARN_UNUSED_VARIABLE = YES;
				IPHONEOS_DEPLOYMENT_TARGET = 16.4;
				MTL_ENABLE_DEBUG_INFO = NO;
				MTL_FAST_MATH = YES;
				SDKROOT = iphoneos;
				SWIFT_COMPILATION_MODE = wholemodule;
				SWIFT_OPTIMIZATION_LEVEL = "-O";
				VALIDATE_PRODUCT = YES;
			};
			name = Release;
		};
		DB096FC02ADCEE42000B1D15 /* Debug */ = {
			isa = XCBuildConfiguration;
			buildSettings = {
				ASSETCATALOG_COMPILER_APPICON_NAME = AppIcon;
				ASSETCATALOG_COMPILER_GLOBAL_ACCENT_COLOR_NAME = AccentColor;
				CODE_SIGN_STYLE = Automatic;
				CURRENT_PROJECT_VERSION = 1;
				DEVELOPMENT_ASSET_PATHS = "\"LocalPushNotification/Preview Content\"";
				DEVELOPMENT_TEAM = AWR77X8V5R;
				ENABLE_PREVIEWS = YES;
				GENERATE_INFOPLIST_FILE = YES;
				INFOPLIST_KEY_UIApplicationSceneManifest_Generation = YES;
				INFOPLIST_KEY_UIApplicationSupportsIndirectInputEvents = YES;
				INFOPLIST_KEY_UILaunchScreen_Generation = YES;
				INFOPLIST_KEY_UISupportedInterfaceOrientations_iPad = "UIInterfaceOrientationPortrait UIInterfaceOrientationPortraitUpsideDown UIInterfaceOrientationLandscapeLeft UIInterfaceOrientationLandscapeRight";
				INFOPLIST_KEY_UISupportedInterfaceOrientations_iPhone = "UIInterfaceOrientationPortrait UIInterfaceOrientationLandscapeLeft UIInterfaceOrientationLandscapeRight";
				LD_RUNPATH_SEARCH_PATHS = (
					"$(inherited)",
					"@executable_path/Frameworks",
				);
				MARKETING_VERSION = 1.0;
				PRODUCT_BUNDLE_IDENTIFIER = com.chmun.LocalPushNotification;
				PRODUCT_NAME = "$(TARGET_NAME)";
				SWIFT_EMIT_LOC_STRINGS = YES;
				SWIFT_VERSION = 5.0;
				TARGETED_DEVICE_FAMILY = "1,2";
			};
			name = Debug;
		};
		DB096FC12ADCEE42000B1D15 /* Release */ = {
			isa = XCBuildConfiguration;
			buildSettings = {
				ASSETCATALOG_COMPILER_APPICON_NAME = AppIcon;
				ASSETCATALOG_COMPILER_GLOBAL_ACCENT_COLOR_NAME = AccentColor;
				CODE_SIGN_STYLE = Automatic;
				CURRENT_PROJECT_VERSION = 1;
				DEVELOPMENT_ASSET_PATHS = "\"LocalPushNotification/Preview Content\"";
				DEVELOPMENT_TEAM = AWR77X8V5R;
				ENABLE_PREVIEWS = YES;
				GENERATE_INFOPLIST_FILE = YES;
				INFOPLIST_KEY_UIApplicationSceneManifest_Generation = YES;
				INFOPLIST_KEY_UIApplicationSupportsIndirectInputEvents = YES;
				INFOPLIST_KEY_UILaunchScreen_Generation = YES;
				INFOPLIST_KEY_UISupportedInterfaceOrientations_iPad = "UIInterfaceOrientationPortrait UIInterfaceOrientationPortraitUpsideDown UIInterfaceOrientationLandscapeLeft UIInterfaceOrientationLandscapeRight";
				INFOPLIST_KEY_UISupportedInterfaceOrientations_iPhone = "UIInterfaceOrientationPortrait UIInterfaceOrientationLandscapeLeft UIInterfaceOrientationLandscapeRight";
				LD_RUNPATH_SEARCH_PATHS = (
					"$(inherited)",
					"@executable_path/Frameworks",
				);
				MARKETING_VERSION = 1.0;
				PRODUCT_BUNDLE_IDENTIFIER = com.chmun.LocalPushNotification;
				PRODUCT_NAME = "$(TARGET_NAME)";
				SWIFT_EMIT_LOC_STRINGS = YES;
				SWIFT_VERSION = 5.0;
				TARGETED_DEVICE_FAMILY = "1,2";
			};
			name = Release;
		};
/* End XCBuildConfiguration section */

/* Begin XCConfigurationList section */
		DB096FAC2ADCEE41000B1D15 /* Build configuration list for PBXProject "LocalPushNotification" */ = {
			isa = XCConfigurationList;
			buildConfigurations = (
				DB096FBD2ADCEE42000B1D15 /* Debug */,
				DB096FBE2ADCEE42000B1D15 /* Release */,
			);
			defaultConfigurationIsVisible = 0;
			defaultConfigurationName = Release;
		};
		DB096FBF2ADCEE42000B1D15 /* Build configuration list for PBXNativeTarget "LocalPushNotification" */ = {
			isa = XCConfigurationList;
			buildConfigurations = (
				DB096FC02ADCEE42000B1D15 /* Debug */,
				DB096FC12ADCEE42000B1D15 /* Release */,
			);
			defaultConfigurationIsVisible = 0;
			defaultConfigurationName = Release;
		};
/* End XCConfigurationList section */
	};
	rootObject = DB096FA92ADCEE41000B1D15 /* Project object */;
}
